// !$*UTF8*$!
{
	archiveVersion = 1;
	classes = {
	};
	objectVersion = 46;
	objects = {

/* Begin PBXBuildFile section */
		835775EA1EB2505E00C4E062 /* AppDelegate.swift in Sources */ = {isa = PBXBuildFile; fileRef = 835775E91EB2505E00C4E062 /* AppDelegate.swift */; };
		835775EC1EB2505E00C4E062 /* ViewController.swift in Sources */ = {isa = PBXBuildFile; fileRef = 835775EB1EB2505E00C4E062 /* ViewController.swift */; };
		835775EF1EB2505E00C4E062 /* Main.storyboard in Resources */ = {isa = PBXBuildFile; fileRef = 835775ED1EB2505E00C4E062 /* Main.storyboard */; };
		835775F11EB2505E00C4E062 /* Assets.xcassets in Resources */ = {isa = PBXBuildFile; fileRef = 835775F01EB2505E00C4E062 /* Assets.xcassets */; };
		835775F41EB2505E00C4E062 /* LaunchScreen.storyboard in Resources */ = {isa = PBXBuildFile; fileRef = 835775F21EB2505E00C4E062 /* LaunchScreen.storyboard */; };
		835775FF1EB2505E00C4E062 /* EVA3_1_TAB_CONTROLLERUITests.swift in Sources */ = {isa = PBXBuildFile; fileRef = 835775FE1EB2505E00C4E062 /* EVA3_1_TAB_CONTROLLERUITests.swift */; };
/* End PBXBuildFile section */

/* Begin PBXContainerItemProxy section */
		835775FB1EB2505E00C4E062 /* PBXContainerItemProxy */ = {
			isa = PBXContainerItemProxy;
			containerPortal = 835775DE1EB2505E00C4E062 /* Project object */;
			proxyType = 1;
			remoteGlobalIDString = 835775E51EB2505E00C4E062;
			remoteInfo = EVA3_1_TAB_CONTROLLER;
		};
/* End PBXContainerItemProxy section */

/* Begin PBXFileReference section */
		835775E61EB2505E00C4E062 /* EVA3_1_TAB_CONTROLLER.app */ = {isa = PBXFileReference; explicitFileType = wrapper.application; includeInIndex = 0; path = EVA3_1_TAB_CONTROLLER.app; sourceTree = BUILT_PRODUCTS_DIR; };
		835775E91EB2505E00C4E062 /* AppDelegate.swift */ = {isa = PBXFileReference; lastKnownFileType = sourcecode.swift; path = AppDelegate.swift; sourceTree = "<group>"; };
		835775EB1EB2505E00C4E062 /* ViewController.swift */ = {isa = PBXFileReference; lastKnownFileType = sourcecode.swift; path = ViewController.swift; sourceTree = "<group>"; };
		835775EE1EB2505E00C4E062 /* Base */ = {isa = PBXFileReference; lastKnownFileType = file.storyboard; name = Base; path = Base.lproj/Main.storyboard; sourceTree = "<group>"; };
		835775F01EB2505E00C4E062 /* Assets.xcassets */ = {isa = PBXFileReference; lastKnownFileType = folder.assetcatalog; path = Assets.xcassets; sourceTree = "<group>"; };
		835775F31EB2505E00C4E062 /* Base */ = {isa = PBXFileReference; lastKnownFileType = file.storyboard; name = Base; path = Base.lproj/LaunchScreen.storyboard; sourceTree = "<group>"; };
		835775F51EB2505E00C4E062 /* Info.plist */ = {isa = PBXFileReference; lastKnownFileType = text.plist.xml; path = Info.plist; sourceTree = "<group>"; };
		835775FA1EB2505E00C4E062 /* EVA3_1_TAB_CONTROLLERUITests.xctest */ = {isa = PBXFileReference; explicitFileType = wrapper.cfbundle; includeInIndex = 0; path = EVA3_1_TAB_CONTROLLERUITests.xctest; sourceTree = BUILT_PRODUCTS_DIR; };
		835775FE1EB2505E00C4E062 /* EVA3_1_TAB_CONTROLLERUITests.swift */ = {isa = PBXFileReference; lastKnownFileType = sourcecode.swift; path = EVA3_1_TAB_CONTROLLERUITests.swift; sourceTree = "<group>"; };
		835776001EB2505E00C4E062 /* Info.plist */ = {isa = PBXFileReference; lastKnownFileType = text.plist.xml; path = Info.plist; sourceTree = "<group>"; };
/* End PBXFileReference section */

/* Begin PBXFrameworksBuildPhase section */
		835775E31EB2505E00C4E062 /* Frameworks */ = {
			isa = PBXFrameworksBuildPhase;
			buildActionMask = 2147483647;
			files = (
			);
			runOnlyForDeploymentPostprocessing = 0;
		};
		835775F71EB2505E00C4E062 /* Frameworks */ = {
			isa = PBXFrameworksBuildPhase;
			buildActionMask = 2147483647;
			files = (
			);
			runOnlyForDeploymentPostprocessing = 0;
		};
/* End PBXFrameworksBuildPhase section */

/* Begin PBXGroup section */
		835775DD1EB2505E00C4E062 = {
			isa = PBXGroup;
			children = (
				835775E81EB2505E00C4E062 /* EVA3_1_TAB_CONTROLLER */,
				835775FD1EB2505E00C4E062 /* EVA3_1_TAB_CONTROLLERUITests */,
				835775E71EB2505E00C4E062 /* Products */,
			);
			sourceTree = "<group>";
		};
		835775E71EB2505E00C4E062 /* Products */ = {
			isa = PBXGroup;
			children = (
				835775E61EB2505E00C4E062 /* EVA3_1_TAB_CONTROLLER.app */,
				835775FA1EB2505E00C4E062 /* EVA3_1_TAB_CONTROLLERUITests.xctest */,
			);
			name = Products;
			sourceTree = "<group>";
		};
		835775E81EB2505E00C4E062 /* EVA3_1_TAB_CONTROLLER */ = {
			isa = PBXGroup;
			children = (
				835775E91EB2505E00C4E062 /* AppDelegate.swift */,
				835775EB1EB2505E00C4E062 /* ViewController.swift */,
				835775ED1EB2505E00C4E062 /* Main.storyboard */,
				835775F01EB2505E00C4E062 /* Assets.xcassets */,
				835775F21EB2505E00C4E062 /* LaunchScreen.storyboard */,
				835775F51EB2505E00C4E062 /* Info.plist */,
			);
			path = EVA3_1_TAB_CONTROLLER;
			sourceTree = "<group>";
		};
		835775FD1EB2505E00C4E062 /* EVA3_1_TAB_CONTROLLERUITests */ = {
			isa = PBXGroup;
			children = (
				835775FE1EB2505E00C4E062 /* EVA3_1_TAB_CONTROLLERUITests.swift */,
				835776001EB2505E00C4E062 /* Info.plist */,
			);
			path = EVA3_1_TAB_CONTROLLERUITests;
			sourceTree = "<group>";
		};
/* End PBXGroup section */

/* Begin PBXNativeTarget section */
		835775E51EB2505E00C4E062 /* EVA3_1_TAB_CONTROLLER */ = {
			isa = PBXNativeTarget;
			buildConfigurationList = 835776031EB2505E00C4E062 /* Build configuration list for PBXNativeTarget "EVA3_1_TAB_CONTROLLER" */;
			buildPhases = (
				835775E21EB2505E00C4E062 /* Sources */,
				835775E31EB2505E00C4E062 /* Frameworks */,
				835775E41EB2505E00C4E062 /* Resources */,
			);
			buildRules = (
			);
			dependencies = (
			);
			name = EVA3_1_TAB_CONTROLLER;
			productName = EVA3_1_TAB_CONTROLLER;
			productReference = 835775E61EB2505E00C4E062 /* EVA3_1_TAB_CONTROLLER.app */;
			productType = "com.apple.product-type.application";
		};
		835775F91EB2505E00C4E062 /* EVA3_1_TAB_CONTROLLERUITests */ = {
			isa = PBXNativeTarget;
			buildConfigurationList = 835776061EB2505E00C4E062 /* Build configuration list for PBXNativeTarget "EVA3_1_TAB_CONTROLLERUITests" */;
			buildPhases = (
				835775F61EB2505E00C4E062 /* Sources */,
				835775F71EB2505E00C4E062 /* Frameworks */,
				835775F81EB2505E00C4E062 /* Resources */,
			);
			buildRules = (
			);
			dependencies = (
				835775FC1EB2505E00C4E062 /* PBXTargetDependency */,
			);
			name = EVA3_1_TAB_CONTROLLERUITests;
			productName = EVA3_1_TAB_CONTROLLERUITests;
			productReference = 835775FA1EB2505E00C4E062 /* EVA3_1_TAB_CONTROLLERUITests.xctest */;
			productType = "com.apple.product-type.bundle.ui-testing";
		};
/* End PBXNativeTarget section */

/* Begin PBXProject section */
		835775DE1EB2505E00C4E062 /* Project object */ = {
			isa = PBXProject;
			attributes = {
				LastSwiftUpdateCheck = 0730;
				LastUpgradeCheck = 0730;
				ORGANIZATIONNAME = tec2;
				TargetAttributes = {
					835775E51EB2505E00C4E062 = {
						CreatedOnToolsVersion = 7.3.1;
					};
					835775F91EB2505E00C4E062 = {
						CreatedOnToolsVersion = 7.3.1;
						TestTargetID = 835775E51EB2505E00C4E062;
					};
				};
			};
			buildConfigurationList = 835775E11EB2505E00C4E062 /* Build configuration list for PBXProject "EVA3_1_TAB_CONTROLLER" */;
			compatibilityVersion = "Xcode 3.2";
			developmentRegion = English;
			hasScannedForEncodings = 0;
			knownRegions = (
				en,
				Base,
			);
			mainGroup = 835775DD1EB2505E00C4E062;
			productRefGroup = 835775E71EB2505E00C4E062 /* Products */;
			projectDirPath = "";
			projectRoot = "";
			targets = (
				835775E51EB2505E00C4E062 /* EVA3_1_TAB_CONTROLLER */,
				835775F91EB2505E00C4E062 /* EVA3_1_TAB_CONTROLLERUITests */,
			);
		};
/* End PBXProject section */

/* Begin PBXResourcesBuildPhase section */
		835775E41EB2505E00C4E062 /* Resources */ = {
			isa = PBXResourcesBuildPhase;
			buildActionMask = 2147483647;
			files = (
				835775F41EB2505E00C4E062 /* LaunchScreen.storyboard in Resources */,
				835775F11EB2505E00C4E062 /* Assets.xcassets in Resources */,
				835775EF1EB2505E00C4E062 /* Main.storyboard in Resources */,
			);
			runOnlyForDeploymentPostprocessing = 0;
		};
		835775F81EB2505E00C4E062 /* Resources */ = {
			isa = PBXResourcesBuildPhase;
			buildActionMask = 2147483647;
			files = (
			);
			runOnlyForDeploymentPostprocessing = 0;
		};
/* End PBXResourcesBuildPhase section */

/* Begin PBXSourcesBuildPhase section */
		835775E21EB2505E00C4E062 /* Sources */ = {
			isa = PBXSourcesBuildPhase;
			buildActionMask = 2147483647;
			files = (
				835775EC1EB2505E00C4E062 /* ViewController.swift in Sources */,
				835775EA1EB2505E00C4E062 /* AppDelegate.swift in Sources */,
			);
			runOnlyForDeploymentPostprocessing = 0;
		};
		835775F61EB2505E00C4E062 /* Sources */ = {
			isa = PBXSourcesBuildPhase;
			buildActionMask = 2147483647;
			files = (
				835775FF1EB2505E00C4E062 /* EVA3_1_TAB_CONTROLLERUITests.swift in Sources */,
			);
			runOnlyForDeploymentPostprocessing = 0;
		};
/* End PBXSourcesBuildPhase section */

/* Begin PBXTargetDependency section */
		835775FC1EB2505E00C4E062 /* PBXTargetDependency */ = {
			isa = PBXTargetDependency;
			target = 835775E51EB2505E00C4E062 /* EVA3_1_TAB_CONTROLLER */;
			targetProxy = 835775FB1EB2505E00C4E062 /* PBXContainerItemProxy */;
		};
/* End PBXTargetDependency section */

/* Begin PBXVariantGroup section */
		835775ED1EB2505E00C4E062 /* Main.storyboard */ = {
			isa = PBXVariantGroup;
			children = (
				835775EE1EB2505E00C4E062 /* Base */,
			);
			name = Main.storyboard;
			sourceTree = "<group>";
		};
		835775F21EB2505E00C4E062 /* LaunchScreen.storyboard */ = {
			isa = PBXVariantGroup;
			children = (
				835775F31EB2505E00C4E062 /* Base */,
			);
			name = LaunchScreen.storyboard;
			sourceTree = "<group>";
		};
/* End PBXVariantGroup section */

/* Begin XCBuildConfiguration section */
		835776011EB2505E00C4E062 /* Debug */ = {
			isa = XCBuildConfiguration;
			buildSettings = {
				ALWAYS_SEARCH_USER_PATHS = NO;
				CLANG_ANALYZER_NONNULL = YES;
				CLANG_CXX_LANGUAGE_STANDARD = "gnu++0x";
				CLANG_CXX_LIBRARY = "libc++";
				CLANG_ENABLE_MODULES = YES;
				CLANG_ENABLE_OBJC_ARC = YES;
				CLANG_WARN_BOOL_CONVERSION = YES;
				CLANG_WARN_CONSTANT_CONVERSION = YES;
				CLANG_WARN_DIRECT_OBJC_ISA_USAGE = YES_ERROR;
				CLANG_WARN_EMPTY_BODY = YES;
				CLANG_WARN_ENUM_CONVERSION = YES;
				CLANG_WARN_INT_CONVERSION = YES;
				CLANG_WARN_OBJC_ROOT_CLASS = YES_ERROR;
				CLANG_WARN_UNREACHABLE_CODE = YES;
				CLANG_WARN__DUPLICATE_METHOD_MATCH = YES;
				"CODE_SIGN_IDENTITY[sdk=iphoneos*]" = "iPhone Developer";
				COPY_PHASE_STRIP = NO;
				DEBUG_INFORMATION_FORMAT = dwarf;
				ENABLE_STRICT_OBJC_MSGSEND = YES;
				ENABLE_TESTABILITY = YES;
				GCC_C_LANGUAGE_STANDARD = gnu99;
				GCC_DYNAMIC_NO_PIC = NO;
				GCC_NO_COMMON_BLOCKS = YES;
				GCC_OPTIMIZATION_LEVEL = 0;
				GCC_PREPROCESSOR_DEFINITIONS = (
					"DEBUG=1",
					"$(inherited)",
				);
				GCC_WARN_64_TO_32_BIT_CONVERSION = YES;
				GCC_WARN_ABOUT_RETURN_TYPE = YES_ERROR;
				GCC_WARN_UNDECLARED_SELECTOR = YES;
				GCC_WARN_UNINITIALIZED_AUTOS = YES_AGGRESSIVE;
				GCC_WARN_UNUSED_FUNCTION = YES;
				GCC_WARN_UNUSED_VARIABLE = YES;
				IPHONEOS_DEPLOYMENT_TARGET = 9.3;
				MTL_ENABLE_DEBUG_INFO = YES;
				ONLY_ACTIVE_ARCH = YES;
				SDKROOT = iphoneos;
				SWIFT_OPTIMIZATION_LEVEL = "-Onone";
			};
			name = Debug;
		};
		835776021EB2505E00C4E062 /* Release */ = {
			isa = XCBuildConfiguration;
			buildSettings = {
				ALWAYS_SEARCH_USER_PATHS = NO;
				CLANG_ANALYZER_NONNULL = YES;
				CLANG_CXX_LANGUAGE_STANDARD = "gnu++0x";
				CLANG_CXX_LIBRARY = "libc++";
				CLANG_ENABLE_MODULES = YES;
				CLANG_ENABLE_OBJC_ARC = YES;
				CLANG_WARN_BOOL_CONVERSION = YES;
				CLANG_WARN_CONSTANT_CONVERSION = YES;
				CLANG_WARN_DIRECT_OBJC_ISA_USAGE = YES_ERROR;
				CLANG_WARN_EMPTY_BODY = YES;
				CLANG_WARN_ENUM_CONVERSION = YES;
				CLANG_WARN_INT_CONVERSION = YES;
				CLANG_WARN_OBJC_ROOT_CLASS = YES_ERROR;
				CLANG_WARN_UNREACHABLE_CODE = YES;
				CLANG_WARN__DUPLICATE_METHOD_MATCH = YES;
				"CODE_SIGN_IDENTITY[sdk=iphoneos*]" = "iPhone Developer";
				COPY_PHASE_STRIP = NO;
				DEBUG_INFORMATION_FORMAT = "dwarf-with-dsym";
				ENABLE_NS_ASSERTIONS = NO;
				ENABLE_STRICT_OBJC_MSGSEND = YES;
				GCC_C_LANGUAGE_STANDARD = gnu99;
				GCC_NO_COMMON_BLOCKS = YES;
				GCC_WARN_64_TO_32_BIT_CONVERSION = YES;
				GCC_WARN_ABOUT_RETURN_TYPE = YES_ERROR;
				GCC_WARN_UNDECLARED_SELECTOR = YES;
				GCC_WARN_UNINITIALIZED_AUTOS = YES_AGGRESSIVE;
				GCC_WARN_UNUSED_FUNCTION = YES;
				GCC_WARN_UNUSED_VARIABLE = YES;
				IPHONEOS_DEPLOYMENT_TARGET = 9.3;
				MTL_ENABLE_DEBUG_INFO = NO;
				SDKROOT = iphoneos;
				VALIDATE_PRODUCT = YES;
			};
			name = Release;
		};
		835776041EB2505E00C4E062 /* Debug */ = {
			isa = XCBuildConfiguration;
			buildSettings = {
				ASSETCATALOG_COMPILER_APPICON_NAME = AppIcon;
				INFOPLIST_FILE = EVA3_1_TAB_CONTROLLER/Info.plist;
				LD_RUNPATH_SEARCH_PATHS = "$(inherited) @executable_path/Frameworks";
				PRODUCT_BUNDLE_IDENTIFIER = "administrador.EVA3-1-TAB-CONTROLLER";
				PRODUCT_NAME = "$(TARGET_NAME)";
			};
			name = Debug;
		};
		835776051EB2505E00C4E062 /* Release */ = {
			isa = XCBuildConfiguration;
			buildSettings = {
				ASSETCATALOG_COMPILER_APPICON_NAME = AppIcon;
				INFOPLIST_FILE = EVA3_1_TAB_CONTROLLER/Info.plist;
				LD_RUNPATH_SEARCH_PATHS = "$(inherited) @executable_path/Frameworks";
				PRODUCT_BUNDLE_IDENTIFIER = "administrador.EVA3-1-TAB-CONTROLLER";
				PRODUCT_NAME = "$(TARGET_NAME)";
			};
			name = Release;
		};
		835776071EB2505E00C4E062 /* Debug */ = {
			isa = XCBuildConfiguration;
			buildSettings = {
				INFOPLIST_FILE = EVA3_1_TAB_CONTROLLERUITests/Info.plist;
				LD_RUNPATH_SEARCH_PATHS = "$(inherited) @executable_path/Frameworks @loader_path/Frameworks";
				PRODUCT_BUNDLE_IDENTIFIER = "administrador.EVA3-1-TAB-CONTROLLERUITests";
				PRODUCT_NAME = "$(TARGET_NAME)";
				TEST_TARGET_NAME = EVA3_1_TAB_CONTROLLER;
			};
			name = Debug;
		};
		835776081EB2505E00C4E062 /* Release */ = {
			isa = XCBuildConfiguration;
			buildSettings = {
				INFOPLIST_FILE = EVA3_1_TAB_CONTROLLERUITests/Info.plist;
				LD_RUNPATH_SEARCH_PATHS = "$(inherited) @executable_path/Frameworks @loader_path/Frameworks";
				PRODUCT_BUNDLE_IDENTIFIER = "administrador.EVA3-1-TAB-CONTROLLERUITests";
				PRODUCT_NAME = "$(TARGET_NAME)";
				TEST_TARGET_NAME = EVA3_1_TAB_CONTROLLER;
			};
			name = Release;
		};
/* End XCBuildConfiguration section */

/* Begin XCConfigurationList section */
		835775E11EB2505E00C4E062 /* Build configuration list for PBXProject "EVA3_1_TAB_CONTROLLER" */ = {
			isa = XCConfigurationList;
			buildConfigurations = (
				835776011EB2505E00C4E062 /* Debug */,
				835776021EB2505E00C4E062 /* Release */,
			);
			defaultConfigurationIsVisible = 0;
			defaultConfigurationName = Release;
		};
		835776031EB2505E00C4E062 /* Build configuration list for PBXNativeTarget "EVA3_1_TAB_CONTROLLER" */ = {
			isa = XCConfigurationList;
			buildConfigurations = (
				835776041EB2505E00C4E062 /* Debug */,
				835776051EB2505E00C4E062 /* Release */,
			);
			defaultConfigurationIsVisible = 0;
		};
		835776061EB2505E00C4E062 /* Build configuration list for PBXNativeTarget "EVA3_1_TAB_CONTROLLERUITests" */ = {
			isa = XCConfigurationList;
			buildConfigurations = (
				835776071EB2505E00C4E062 /* Debug */,
				835776081EB2505E00C4E062 /* Release */,
			);
			defaultConfigurationIsVisible = 0;
		};
/* End XCConfigurationList section */
	};
	rootObject = 835775DE1EB2505E00C4E062 /* Project object */;
}
