// !$*UTF8*$!
{
	archiveVersion = 1;
	classes = {
	};
	objectVersion = 46;
	objects = {

/* Begin PBXBuildFile section */
		83C3F05A1EBB8BCC00B0341B /* AppDelegate.swift in Sources */ = {isa = PBXBuildFile; fileRef = 83C3F0591EBB8BCC00B0341B /* AppDelegate.swift */; };
		83C3F05C1EBB8BCC00B0341B /* ViewController.swift in Sources */ = {isa = PBXBuildFile; fileRef = 83C3F05B1EBB8BCC00B0341B /* ViewController.swift */; };
		83C3F05F1EBB8BCC00B0341B /* Main.storyboard in Resources */ = {isa = PBXBuildFile; fileRef = 83C3F05D1EBB8BCC00B0341B /* Main.storyboard */; };
		83C3F0611EBB8BCC00B0341B /* Assets.xcassets in Resources */ = {isa = PBXBuildFile; fileRef = 83C3F0601EBB8BCC00B0341B /* Assets.xcassets */; };
		83C3F0641EBB8BCC00B0341B /* LaunchScreen.storyboard in Resources */ = {isa = PBXBuildFile; fileRef = 83C3F0621EBB8BCC00B0341B /* LaunchScreen.storyboard */; };
		83C3F06F1EBB8BCC00B0341B /* EVA3_MULTI_VIEW_A_PATIN_2UITests.swift in Sources */ = {isa = PBXBuildFile; fileRef = 83C3F06E1EBB8BCC00B0341B /* EVA3_MULTI_VIEW_A_PATIN_2UITests.swift */; };
		83C3F07A1EBB8C5400B0341B /* YellowViewController.swift in Sources */ = {isa = PBXBuildFile; fileRef = 83C3F0791EBB8C5400B0341B /* YellowViewController.swift */; };
		83C3F07C1EBB8C6000B0341B /* BlueViewController.swift in Sources */ = {isa = PBXBuildFile; fileRef = 83C3F07B1EBB8C6000B0341B /* BlueViewController.swift */; };
/* End PBXBuildFile section */

/* Begin PBXContainerItemProxy section */
		83C3F06B1EBB8BCC00B0341B /* PBXContainerItemProxy */ = {
			isa = PBXContainerItemProxy;
			containerPortal = 83C3F04E1EBB8BCB00B0341B /* Project object */;
			proxyType = 1;
			remoteGlobalIDString = 83C3F0551EBB8BCB00B0341B;
			remoteInfo = EVA3_MULTI_VIEW_A_PATIN_2;
		};
/* End PBXContainerItemProxy section */

/* Begin PBXFileReference section */
		83C3F0561EBB8BCB00B0341B /* EVA3_MULTI_VIEW_A_PATIN_2.app */ = {isa = PBXFileReference; explicitFileType = wrapper.application; includeInIndex = 0; path = EVA3_MULTI_VIEW_A_PATIN_2.app; sourceTree = BUILT_PRODUCTS_DIR; };
		83C3F0591EBB8BCC00B0341B /* AppDelegate.swift */ = {isa = PBXFileReference; lastKnownFileType = sourcecode.swift; path = AppDelegate.swift; sourceTree = "<group>"; };
		83C3F05B1EBB8BCC00B0341B /* ViewController.swift */ = {isa = PBXFileReference; lastKnownFileType = sourcecode.swift; path = ViewController.swift; sourceTree = "<group>"; };
		83C3F05E1EBB8BCC00B0341B /* Base */ = {isa = PBXFileReference; lastKnownFileType = file.storyboard; name = Base; path = Base.lproj/Main.storyboard; sourceTree = "<group>"; };
		83C3F0601EBB8BCC00B0341B /* Assets.xcassets */ = {isa = PBXFileReference; lastKnownFileType = folder.assetcatalog; path = Assets.xcassets; sourceTree = "<group>"; };
		83C3F0631EBB8BCC00B0341B /* Base */ = {isa = PBXFileReference; lastKnownFileType = file.storyboard; name = Base; path = Base.lproj/LaunchScreen.storyboard; sourceTree = "<group>"; };
		83C3F0651EBB8BCC00B0341B /* Info.plist */ = {isa = PBXFileReference; lastKnownFileType = text.plist.xml; path = Info.plist; sourceTree = "<group>"; };
		83C3F06A1EBB8BCC00B0341B /* EVA3_MULTI_VIEW_A_PATIN_2UITests.xctest */ = {isa = PBXFileReference; explicitFileType = wrapper.cfbundle; includeInIndex = 0; path = EVA3_MULTI_VIEW_A_PATIN_2UITests.xctest; sourceTree = BUILT_PRODUCTS_DIR; };
		83C3F06E1EBB8BCC00B0341B /* EVA3_MULTI_VIEW_A_PATIN_2UITests.swift */ = {isa = PBXFileReference; lastKnownFileType = sourcecode.swift; path = EVA3_MULTI_VIEW_A_PATIN_2UITests.swift; sourceTree = "<group>"; };
		83C3F0701EBB8BCC00B0341B /* Info.plist */ = {isa = PBXFileReference; lastKnownFileType = text.plist.xml; path = Info.plist; sourceTree = "<group>"; };
		83C3F0791EBB8C5400B0341B /* YellowViewController.swift */ = {isa = PBXFileReference; fileEncoding = 4; lastKnownFileType = sourcecode.swift; path = YellowViewController.swift; sourceTree = "<group>"; };
		83C3F07B1EBB8C6000B0341B /* BlueViewController.swift */ = {isa = PBXFileReference; fileEncoding = 4; lastKnownFileType = sourcecode.swift; path = BlueViewController.swift; sourceTree = "<group>"; };
/* End PBXFileReference section */

/* Begin PBXFrameworksBuildPhase section */
		83C3F0531EBB8BCB00B0341B /* Frameworks */ = {
			isa = PBXFrameworksBuildPhase;
			buildActionMask = 2147483647;
			files = (
			);
			runOnlyForDeploymentPostprocessing = 0;
		};
		83C3F0671EBB8BCC00B0341B /* Frameworks */ = {
			isa = PBXFrameworksBuildPhase;
			buildActionMask = 2147483647;
			files = (
			);
			runOnlyForDeploymentPostprocessing = 0;
		};
/* End PBXFrameworksBuildPhase section */

/* Begin PBXGroup section */
		83C3F04D1EBB8BCB00B0341B = {
			isa = PBXGroup;
			children = (
				83C3F0581EBB8BCC00B0341B /* EVA3_MULTI_VIEW_A_PATIN_2 */,
				83C3F06D1EBB8BCC00B0341B /* EVA3_MULTI_VIEW_A_PATIN_2UITests */,
				83C3F0571EBB8BCB00B0341B /* Products */,
			);
			sourceTree = "<group>";
		};
		83C3F0571EBB8BCB00B0341B /* Products */ = {
			isa = PBXGroup;
			children = (
				83C3F0561EBB8BCB00B0341B /* EVA3_MULTI_VIEW_A_PATIN_2.app */,
				83C3F06A1EBB8BCC00B0341B /* EVA3_MULTI_VIEW_A_PATIN_2UITests.xctest */,
			);
			name = Products;
			sourceTree = "<group>";
		};
		83C3F0581EBB8BCC00B0341B /* EVA3_MULTI_VIEW_A_PATIN_2 */ = {
			isa = PBXGroup;
			children = (
				83C3F0591EBB8BCC00B0341B /* AppDelegate.swift */,
				83C3F05B1EBB8BCC00B0341B /* ViewController.swift */,
				83C3F05D1EBB8BCC00B0341B /* Main.storyboard */,
				83C3F0601EBB8BCC00B0341B /* Assets.xcassets */,
				83C3F0621EBB8BCC00B0341B /* LaunchScreen.storyboard */,
				83C3F0651EBB8BCC00B0341B /* Info.plist */,
				83C3F0791EBB8C5400B0341B /* YellowViewController.swift */,
				83C3F07B1EBB8C6000B0341B /* BlueViewController.swift */,
			);
			path = EVA3_MULTI_VIEW_A_PATIN_2;
			sourceTree = "<group>";
		};
		83C3F06D1EBB8BCC00B0341B /* EVA3_MULTI_VIEW_A_PATIN_2UITests */ = {
			isa = PBXGroup;
			children = (
				83C3F06E1EBB8BCC00B0341B /* EVA3_MULTI_VIEW_A_PATIN_2UITests.swift */,
				83C3F0701EBB8BCC00B0341B /* Info.plist */,
			);
			path = EVA3_MULTI_VIEW_A_PATIN_2UITests;
			sourceTree = "<group>";
		};
/* End PBXGroup section */

/* Begin PBXNativeTarget section */
		83C3F0551EBB8BCB00B0341B /* EVA3_MULTI_VIEW_A_PATIN_2 */ = {
			isa = PBXNativeTarget;
			buildConfigurationList = 83C3F0731EBB8BCC00B0341B /* Build configuration list for PBXNativeTarget "EVA3_MULTI_VIEW_A_PATIN_2" */;
			buildPhases = (
				83C3F0521EBB8BCB00B0341B /* Sources */,
				83C3F0531EBB8BCB00B0341B /* Frameworks */,
				83C3F0541EBB8BCB00B0341B /* Resources */,
			);
			buildRules = (
			);
			dependencies = (
			);
			name = EVA3_MULTI_VIEW_A_PATIN_2;
			productName = EVA3_MULTI_VIEW_A_PATIN_2;
			productReference = 83C3F0561EBB8BCB00B0341B /* EVA3_MULTI_VIEW_A_PATIN_2.app */;
			productType = "com.apple.product-type.application";
		};
		83C3F0691EBB8BCC00B0341B /* EVA3_MULTI_VIEW_A_PATIN_2UITests */ = {
			isa = PBXNativeTarget;
			buildConfigurationList = 83C3F0761EBB8BCC00B0341B /* Build configuration list for PBXNativeTarget "EVA3_MULTI_VIEW_A_PATIN_2UITests" */;
			buildPhases = (
				83C3F0661EBB8BCC00B0341B /* Sources */,
				83C3F0671EBB8BCC00B0341B /* Frameworks */,
				83C3F0681EBB8BCC00B0341B /* Resources */,
			);
			buildRules = (
			);
			dependencies = (
				83C3F06C1EBB8BCC00B0341B /* PBXTargetDependency */,
			);
			name = EVA3_MULTI_VIEW_A_PATIN_2UITests;
			productName = EVA3_MULTI_VIEW_A_PATIN_2UITests;
			productReference = 83C3F06A1EBB8BCC00B0341B /* EVA3_MULTI_VIEW_A_PATIN_2UITests.xctest */;
			productType = "com.apple.product-type.bundle.ui-testing";
		};
/* End PBXNativeTarget section */

/* Begin PBXProject section */
		83C3F04E1EBB8BCB00B0341B /* Project object */ = {
			isa = PBXProject;
			attributes = {
				LastSwiftUpdateCheck = 0730;
				LastUpgradeCheck = 0730;
				ORGANIZATIONNAME = tec2;
				TargetAttributes = {
					83C3F0551EBB8BCB00B0341B = {
						CreatedOnToolsVersion = 7.3.1;
					};
					83C3F0691EBB8BCC00B0341B = {
						CreatedOnToolsVersion = 7.3.1;
						TestTargetID = 83C3F0551EBB8BCB00B0341B;
					};
				};
			};
			buildConfigurationList = 83C3F0511EBB8BCB00B0341B /* Build configuration list for PBXProject "EVA3_MULTI_VIEW_A_PATIN_2" */;
			compatibilityVersion = "Xcode 3.2";
			developmentRegion = English;
			hasScannedForEncodings = 0;
			knownRegions = (
				en,
				Base,
			);
			mainGroup = 83C3F04D1EBB8BCB00B0341B;
			productRefGroup = 83C3F0571EBB8BCB00B0341B /* Products */;
			projectDirPath = "";
			projectRoot = "";
			targets = (
				83C3F0551EBB8BCB00B0341B /* EVA3_MULTI_VIEW_A_PATIN_2 */,
				83C3F0691EBB8BCC00B0341B /* EVA3_MULTI_VIEW_A_PATIN_2UITests */,
			);
		};
/* End PBXProject section */

/* Begin PBXResourcesBuildPhase section */
		83C3F0541EBB8BCB00B0341B /* Resources */ = {
			isa = PBXResourcesBuildPhase;
			buildActionMask = 2147483647;
			files = (
				83C3F0641EBB8BCC00B0341B /* LaunchScreen.storyboard in Resources */,
				83C3F0611EBB8BCC00B0341B /* Assets.xcassets in Resources */,
				83C3F05F1EBB8BCC00B0341B /* Main.storyboard in Resources */,
			);
			runOnlyForDeploymentPostprocessing = 0;
		};
		83C3F0681EBB8BCC00B0341B /* Resources */ = {
			isa = PBXResourcesBuildPhase;
			buildActionMask = 2147483647;
			files = (
			);
			runOnlyForDeploymentPostprocessing = 0;
		};
/* End PBXResourcesBuildPhase section */

/* Begin PBXSourcesBuildPhase section */
		83C3F0521EBB8BCB00B0341B /* Sources */ = {
			isa = PBXSourcesBuildPhase;
			buildActionMask = 2147483647;
			files = (
				83C3F05C1EBB8BCC00B0341B /* ViewController.swift in Sources */,
				83C3F07A1EBB8C5400B0341B /* YellowViewController.swift in Sources */,
				83C3F07C1EBB8C6000B0341B /* BlueViewController.swift in Sources */,
				83C3F05A1EBB8BCC00B0341B /* AppDelegate.swift in Sources */,
			);
			runOnlyForDeploymentPostprocessing = 0;
		};
		83C3F0661EBB8BCC00B0341B /* Sources */ = {
			isa = PBXSourcesBuildPhase;
			buildActionMask = 2147483647;
			files = (
				83C3F06F1EBB8BCC00B0341B /* EVA3_MULTI_VIEW_A_PATIN_2UITests.swift in Sources */,
			);
			runOnlyForDeploymentPostprocessing = 0;
		};
/* End PBXSourcesBuildPhase section */

/* Begin PBXTargetDependency section */
		83C3F06C1EBB8BCC00B0341B /* PBXTargetDependency */ = {
			isa = PBXTargetDependency;
			target = 83C3F0551EBB8BCB00B0341B /* EVA3_MULTI_VIEW_A_PATIN_2 */;
			targetProxy = 83C3F06B1EBB8BCC00B0341B /* PBXContainerItemProxy */;
		};
/* End PBXTargetDependency section */

/* Begin PBXVariantGroup section */
		83C3F05D1EBB8BCC00B0341B /* Main.storyboard */ = {
			isa = PBXVariantGroup;
			children = (
				83C3F05E1EBB8BCC00B0341B /* Base */,
			);
			name = Main.storyboard;
			sourceTree = "<group>";
		};
		83C3F0621EBB8BCC00B0341B /* LaunchScreen.storyboard */ = {
			isa = PBXVariantGroup;
			children = (
				83C3F0631EBB8BCC00B0341B /* Base */,
			);
			name = LaunchScreen.storyboard;
			sourceTree = "<group>";
		};
/* End PBXVariantGroup section */

/* Begin XCBuildConfiguration section */
		83C3F0711EBB8BCC00B0341B /* Debug */ = {
			isa = XCBuildConfiguration;
			buildSettings = {
				ALWAYS_SEARCH_USER_PATHS = NO;
				CLANG_ANALYZER_NONNULL = YES;
				CLANG_CXX_LANGUAGE_STANDARD = "gnu++0x";
				CLANG_CXX_LIBRARY = "libc++";
				CLANG_ENABLE_MODULES = YES;
				CLANG_ENABLE_OBJC_ARC = YES;
				CLANG_WARN_BOOL_CONVERSION = YES;
				CLANG_WARN_CONSTANT_CONVERSION = YES;
				CLANG_WARN_DIRECT_OBJC_ISA_USAGE = YES_ERROR;
				CLANG_WARN_EMPTY_BODY = YES;
				CLANG_WARN_ENUM_CONVERSION = YES;
				CLANG_WARN_INT_CONVERSION = YES;
				CLANG_WARN_OBJC_ROOT_CLASS = YES_ERROR;
				CLANG_WARN_UNREACHABLE_CODE = YES;
				CLANG_WARN__DUPLICATE_METHOD_MATCH = YES;
				"CODE_SIGN_IDENTITY[sdk=iphoneos*]" = "iPhone Developer";
				COPY_PHASE_STRIP = NO;
				DEBUG_INFORMATION_FORMAT = dwarf;
				ENABLE_STRICT_OBJC_MSGSEND = YES;
				ENABLE_TESTABILITY = YES;
				GCC_C_LANGUAGE_STANDARD = gnu99;
				GCC_DYNAMIC_NO_PIC = NO;
				GCC_NO_COMMON_BLOCKS = YES;
				GCC_OPTIMIZATION_LEVEL = 0;
				GCC_PREPROCESSOR_DEFINITIONS = (
					"DEBUG=1",
					"$(inherited)",
				);
				GCC_WARN_64_TO_32_BIT_CONVERSION = YES;
				GCC_WARN_ABOUT_RETURN_TYPE = YES_ERROR;
				GCC_WARN_UNDECLARED_SELECTOR = YES;
				GCC_WARN_UNINITIALIZED_AUTOS = YES_AGGRESSIVE;
				GCC_WARN_UNUSED_FUNCTION = YES;
				GCC_WARN_UNUSED_VARIABLE = YES;
				IPHONEOS_DEPLOYMENT_TARGET = 9.3;
				MTL_ENABLE_DEBUG_INFO = YES;
				ONLY_ACTIVE_ARCH = YES;
				SDKROOT = iphoneos;
				SWIFT_OPTIMIZATION_LEVEL = "-Onone";
			};
			name = Debug;
		};
		83C3F0721EBB8BCC00B0341B /* Release */ = {
			isa = XCBuildConfiguration;
			buildSettings = {
				ALWAYS_SEARCH_USER_PATHS = NO;
				CLANG_ANALYZER_NONNULL = YES;
				CLANG_CXX_LANGUAGE_STANDARD = "gnu++0x";
				CLANG_CXX_LIBRARY = "libc++";
				CLANG_ENABLE_MODULES = YES;
				CLANG_ENABLE_OBJC_ARC = YES;
				CLANG_WARN_BOOL_CONVERSION = YES;
				CLANG_WARN_CONSTANT_CONVERSION = YES;
				CLANG_WARN_DIRECT_OBJC_ISA_USAGE = YES_ERROR;
				CLANG_WARN_EMPTY_BODY = YES;
				CLANG_WARN_ENUM_CONVERSION = YES;
				CLANG_WARN_INT_CONVERSION = YES;
				CLANG_WARN_OBJC_ROOT_CLASS = YES_ERROR;
				CLANG_WARN_UNREACHABLE_CODE = YES;
				CLANG_WARN__DUPLICATE_METHOD_MATCH = YES;
				"CODE_SIGN_IDENTITY[sdk=iphoneos*]" = "iPhone Developer";
				COPY_PHASE_STRIP = NO;
				DEBUG_INFORMATION_FORMAT = "dwarf-with-dsym";
				ENABLE_NS_ASSERTIONS = NO;
				ENABLE_STRICT_OBJC_MSGSEND = YES;
				GCC_C_LANGUAGE_STANDARD = gnu99;
				GCC_NO_COMMON_BLOCKS = YES;
				GCC_WARN_64_TO_32_BIT_CONVERSION = YES;
				GCC_WARN_ABOUT_RETURN_TYPE = YES_ERROR;
				GCC_WARN_UNDECLARED_SELECTOR = YES;
				GCC_WARN_UNINITIALIZED_AUTOS = YES_AGGRESSIVE;
				GCC_WARN_UNUSED_FUNCTION = YES;
				GCC_WARN_UNUSED_VARIABLE = YES;
				IPHONEOS_DEPLOYMENT_TARGET = 9.3;
				MTL_ENABLE_DEBUG_INFO = NO;
				SDKROOT = iphoneos;
				VALIDATE_PRODUCT = YES;
			};
			name = Release;
		};
		83C3F0741EBB8BCC00B0341B /* Debug */ = {
			isa = XCBuildConfiguration;
			buildSettings = {
				ASSETCATALOG_COMPILER_APPICON_NAME = AppIcon;
				INFOPLIST_FILE = EVA3_MULTI_VIEW_A_PATIN_2/Info.plist;
				LD_RUNPATH_SEARCH_PATHS = "$(inherited) @executable_path/Frameworks";
				PRODUCT_BUNDLE_IDENTIFIER = "administrador.EVA3-MULTI-VIEW-A-PATIN-2";
				PRODUCT_NAME = "$(TARGET_NAME)";
			};
			name = Debug;
		};
		83C3F0751EBB8BCC00B0341B /* Release */ = {
			isa = XCBuildConfiguration;
			buildSettings = {
				ASSETCATALOG_COMPILER_APPICON_NAME = AppIcon;
				INFOPLIST_FILE = EVA3_MULTI_VIEW_A_PATIN_2/Info.plist;
				LD_RUNPATH_SEARCH_PATHS = "$(inherited) @executable_path/Frameworks";
				PRODUCT_BUNDLE_IDENTIFIER = "administrador.EVA3-MULTI-VIEW-A-PATIN-2";
				PRODUCT_NAME = "$(TARGET_NAME)";
			};
			name = Release;
		};
		83C3F0771EBB8BCC00B0341B /* Debug */ = {
			isa = XCBuildConfiguration;
			buildSettings = {
				INFOPLIST_FILE = EVA3_MULTI_VIEW_A_PATIN_2UITests/Info.plist;
				LD_RUNPATH_SEARCH_PATHS = "$(inherited) @executable_path/Frameworks @loader_path/Frameworks";
				PRODUCT_BUNDLE_IDENTIFIER = "administrador.EVA3-MULTI-VIEW-A-PATIN-2UITests";
				PRODUCT_NAME = "$(TARGET_NAME)";
				TEST_TARGET_NAME = EVA3_MULTI_VIEW_A_PATIN_2;
			};
			name = Debug;
		};
		83C3F0781EBB8BCC00B0341B /* Release */ = {
			isa = XCBuildConfiguration;
			buildSettings = {
				INFOPLIST_FILE = EVA3_MULTI_VIEW_A_PATIN_2UITests/Info.plist;
				LD_RUNPATH_SEARCH_PATHS = "$(inherited) @executable_path/Frameworks @loader_path/Frameworks";
				PRODUCT_BUNDLE_IDENTIFIER = "administrador.EVA3-MULTI-VIEW-A-PATIN-2UITests";
				PRODUCT_NAME = "$(TARGET_NAME)";
				TEST_TARGET_NAME = EVA3_MULTI_VIEW_A_PATIN_2;
			};
			name = Release;
		};
/* End XCBuildConfiguration section */

/* Begin XCConfigurationList section */
		83C3F0511EBB8BCB00B0341B /* Build configuration list for PBXProject "EVA3_MULTI_VIEW_A_PATIN_2" */ = {
			isa = XCConfigurationList;
			buildConfigurations = (
				83C3F0711EBB8BCC00B0341B /* Debug */,
				83C3F0721EBB8BCC00B0341B /* Release */,
			);
			defaultConfigurationIsVisible = 0;
			defaultConfigurationName = Release;
		};
		83C3F0731EBB8BCC00B0341B /* Build configuration list for PBXNativeTarget "EVA3_MULTI_VIEW_A_PATIN_2" */ = {
			isa = XCConfigurationList;
			buildConfigurations = (
				83C3F0741EBB8BCC00B0341B /* Debug */,
				83C3F0751EBB8BCC00B0341B /* Release */,
			);
			defaultConfigurationIsVisible = 0;
		};
		83C3F0761EBB8BCC00B0341B /* Build configuration list for PBXNativeTarget "EVA3_MULTI_VIEW_A_PATIN_2UITests" */ = {
			isa = XCConfigurationList;
			buildConfigurations = (
				83C3F0771EBB8BCC00B0341B /* Debug */,
				83C3F0781EBB8BCC00B0341B /* Release */,
			);
			defaultConfigurationIsVisible = 0;
		};
/* End XCConfigurationList section */
	};
	rootObject = 83C3F04E1EBB8BCB00B0341B /* Project object */;
}
